// !$*UTF8*$!
{
	archiveVersion = 1;
	classes = {
	};
	objectVersion = 46;
	objects = {

/* Begin PBXBuildFile section */
		413E5130193F15450083E9EC /* AppDelegate.swift in Sources */ = {isa = PBXBuildFile; fileRef = 413E512F193F15450083E9EC /* AppDelegate.swift */; };
		413E5132193F15450083E9EC /* GameScene.sks in Resources */ = {isa = PBXBuildFile; fileRef = 413E5131193F15450083E9EC /* GameScene.sks */; };
		413E5134193F15450083E9EC /* GameScene.swift in Sources */ = {isa = PBXBuildFile; fileRef = 413E5133193F15450083E9EC /* GameScene.swift */; };
		413E5136193F15450083E9EC /* GameViewController.swift in Sources */ = {isa = PBXBuildFile; fileRef = 413E5135193F15450083E9EC /* GameViewController.swift */; };
		413E5139193F15450083E9EC /* Main.storyboard in Resources */ = {isa = PBXBuildFile; fileRef = 413E5137193F15450083E9EC /* Main.storyboard */; };
		413E513B193F15450083E9EC /* Images.xcassets in Resources */ = {isa = PBXBuildFile; fileRef = 413E513A193F15450083E9EC /* Images.xcassets */; };
		413E5147193F15450083E9EC /* SpriteKitSwiftCrossPlatformTemplateTests.swift in Sources */ = {isa = PBXBuildFile; fileRef = 413E5146193F15450083E9EC /* SpriteKitSwiftCrossPlatformTemplateTests.swift */; };
		413E5159193F15CB0083E9EC /* main.swift in Sources */ = {isa = PBXBuildFile; fileRef = 413E5158193F15CB0083E9EC /* main.swift */; };
		413E515B193F15CB0083E9EC /* AppDelegate.swift in Sources */ = {isa = PBXBuildFile; fileRef = 413E515A193F15CB0083E9EC /* AppDelegate.swift */; };
		413E515D193F15CB0083E9EC /* GameScene.swift in Sources */ = {isa = PBXBuildFile; fileRef = 413E515C193F15CB0083E9EC /* GameScene.swift */; };
		413E515F193F15CB0083E9EC /* GameScene.sks in Resources */ = {isa = PBXBuildFile; fileRef = 413E515E193F15CB0083E9EC /* GameScene.sks */; };
		413E5161193F15CB0083E9EC /* Images.xcassets in Resources */ = {isa = PBXBuildFile; fileRef = 413E5160193F15CB0083E9EC /* Images.xcassets */; };
		413E5164193F15CB0083E9EC /* MainMenu.xib in Resources */ = {isa = PBXBuildFile; fileRef = 413E5162193F15CB0083E9EC /* MainMenu.xib */; };
		413E5170193F15CB0083E9EC /* SpriteKitSwiftCrossPlatformTemplateMacTests.swift in Sources */ = {isa = PBXBuildFile; fileRef = 413E516F193F15CB0083E9EC /* SpriteKitSwiftCrossPlatformTemplateMacTests.swift */; };
/* End PBXBuildFile section */

/* Begin PBXContainerItemProxy section */
		413E5141193F15450083E9EC /* PBXContainerItemProxy */ = {
			isa = PBXContainerItemProxy;
			containerPortal = 413E5122193F15450083E9EC /* Project object */;
			proxyType = 1;
			remoteGlobalIDString = 413E5129193F15450083E9EC;
			remoteInfo = SpriteKitSwiftCrossPlatformTemplate;
		};
		413E516A193F15CB0083E9EC /* PBXContainerItemProxy */ = {
			isa = PBXContainerItemProxy;
			containerPortal = 413E5122193F15450083E9EC /* Project object */;
			proxyType = 1;
			remoteGlobalIDString = 413E5153193F15CB0083E9EC;
			remoteInfo = SpriteKitSwiftCrossPlatformTemplateMac;
		};
		413E5177193F15CB0083E9EC /* PBXContainerItemProxy */ = {
			isa = PBXContainerItemProxy;
			containerPortal = 413E5122193F15450083E9EC /* Project object */;
			proxyType = 1;
			remoteGlobalIDString = 413E5153193F15CB0083E9EC;
			remoteInfo = SpriteKitSwiftCrossPlatformTemplateMac;
		};
/* End PBXContainerItemProxy section */

/* Begin PBXFileReference section */
		413E512A193F15450083E9EC /* SpriteKitSwiftCrossPlatformTemplate.app */ = {isa = PBXFileReference; explicitFileType = wrapper.application; includeInIndex = 0; path = SpriteKitSwiftCrossPlatformTemplate.app; sourceTree = BUILT_PRODUCTS_DIR; };
		413E512E193F15450083E9EC /* Info.plist */ = {isa = PBXFileReference; lastKnownFileType = text.plist.xml; path = Info.plist; sourceTree = "<group>"; };
		413E512F193F15450083E9EC /* AppDelegate.swift */ = {isa = PBXFileReference; lastKnownFileType = sourcecode.swift; path = AppDelegate.swift; sourceTree = "<group>"; };
		413E5131193F15450083E9EC /* GameScene.sks */ = {isa = PBXFileReference; lastKnownFileType = file.sks; path = GameScene.sks; sourceTree = "<group>"; };
		413E5133193F15450083E9EC /* GameScene.swift */ = {isa = PBXFileReference; lastKnownFileType = sourcecode.swift; path = GameScene.swift; sourceTree = "<group>"; };
		413E5135193F15450083E9EC /* GameViewController.swift */ = {isa = PBXFileReference; lastKnownFileType = sourcecode.swift; path = GameViewController.swift; sourceTree = "<group>"; };
		413E5138193F15450083E9EC /* Base */ = {isa = PBXFileReference; lastKnownFileType = file.storyboard; name = Base; path = Base.lproj/Main.storyboard; sourceTree = "<group>"; };
		413E513A193F15450083E9EC /* Images.xcassets */ = {isa = PBXFileReference; lastKnownFileType = folder.assetcatalog; path = Images.xcassets; sourceTree = "<group>"; };
		413E5140193F15450083E9EC /* SpriteKitSwiftCrossPlatformTemplateTests.xctest */ = {isa = PBXFileReference; explicitFileType = wrapper.cfbundle; includeInIndex = 0; path = SpriteKitSwiftCrossPlatformTemplateTests.xctest; sourceTree = BUILT_PRODUCTS_DIR; };
		413E5145193F15450083E9EC /* Info.plist */ = {isa = PBXFileReference; lastKnownFileType = text.plist.xml; path = Info.plist; sourceTree = "<group>"; };
		413E5146193F15450083E9EC /* SpriteKitSwiftCrossPlatformTemplateTests.swift */ = {isa = PBXFileReference; lastKnownFileType = sourcecode.swift; path = SpriteKitSwiftCrossPlatformTemplateTests.swift; sourceTree = "<group>"; };
		413E5154193F15CB0083E9EC /* SpriteKitSwiftCrossPlatformTemplateMac.app */ = {isa = PBXFileReference; explicitFileType = wrapper.application; includeInIndex = 0; path = SpriteKitSwiftCrossPlatformTemplateMac.app; sourceTree = BUILT_PRODUCTS_DIR; };
		413E5157193F15CB0083E9EC /* Info.plist */ = {isa = PBXFileReference; lastKnownFileType = text.plist.xml; path = Info.plist; sourceTree = "<group>"; };
		413E5158193F15CB0083E9EC /* main.swift */ = {isa = PBXFileReference; lastKnownFileType = sourcecode.swift; path = main.swift; sourceTree = "<group>"; };
		413E515A193F15CB0083E9EC /* AppDelegate.swift */ = {isa = PBXFileReference; lastKnownFileType = sourcecode.swift; path = AppDelegate.swift; sourceTree = "<group>"; };
		413E515C193F15CB0083E9EC /* GameScene.swift */ = {isa = PBXFileReference; lastKnownFileType = sourcecode.swift; path = GameScene.swift; sourceTree = "<group>"; };
		413E515E193F15CB0083E9EC /* GameScene.sks */ = {isa = PBXFileReference; lastKnownFileType = file.sks; path = GameScene.sks; sourceTree = "<group>"; };
		413E5160193F15CB0083E9EC /* Images.xcassets */ = {isa = PBXFileReference; lastKnownFileType = folder.assetcatalog; path = Images.xcassets; sourceTree = "<group>"; };
		413E5163193F15CB0083E9EC /* Base */ = {isa = PBXFileReference; lastKnownFileType = file.xib; name = Base; path = Base.lproj/MainMenu.xib; sourceTree = "<group>"; };
		413E5169193F15CB0083E9EC /* SpriteKitSwiftCrossPlatformTemplateMacTests.xctest */ = {isa = PBXFileReference; explicitFileType = wrapper.cfbundle; includeInIndex = 0; path = SpriteKitSwiftCrossPlatformTemplateMacTests.xctest; sourceTree = BUILT_PRODUCTS_DIR; };
		413E516E193F15CB0083E9EC /* Info.plist */ = {isa = PBXFileReference; lastKnownFileType = text.plist.xml; path = Info.plist; sourceTree = "<group>"; };
		413E516F193F15CB0083E9EC /* SpriteKitSwiftCrossPlatformTemplateMacTests.swift */ = {isa = PBXFileReference; lastKnownFileType = sourcecode.swift; path = SpriteKitSwiftCrossPlatformTemplateMacTests.swift; sourceTree = "<group>"; };
/* End PBXFileReference section */

/* Begin PBXFrameworksBuildPhase section */
		413E5127193F15450083E9EC /* Frameworks */ = {
			isa = PBXFrameworksBuildPhase;
			buildActionMask = 2147483647;
			files = (
			);
			runOnlyForDeploymentPostprocessing = 0;
		};
		413E513D193F15450083E9EC /* Frameworks */ = {
			isa = PBXFrameworksBuildPhase;
			buildActionMask = 2147483647;
			files = (
			);
			runOnlyForDeploymentPostprocessing = 0;
		};
		413E5151193F15CB0083E9EC /* Frameworks */ = {
			isa = PBXFrameworksBuildPhase;
			buildActionMask = 2147483647;
			files = (
			);
			runOnlyForDeploymentPostprocessing = 0;
		};
		413E5166193F15CB0083E9EC /* Frameworks */ = {
			isa = PBXFrameworksBuildPhase;
			buildActionMask = 2147483647;
			files = (
			);
			runOnlyForDeploymentPostprocessing = 0;
		};
/* End PBXFrameworksBuildPhase section */

/* Begin PBXGroup section */
		413E5121193F15450083E9EC = {
			isa = PBXGroup;
			children = (
				413E512C193F15450083E9EC /* iOS Contol */,
				413E5143193F15450083E9EC /* SpriteKitSwiftCrossPlatformTemplateTests */,
				413E5155193F15CB0083E9EC /* SpriteKitSwiftCrossPlatformTemplateMac */,
				413E516C193F15CB0083E9EC /* SpriteKitSwiftCrossPlatformTemplateMacTests */,
				413E512B193F15450083E9EC /* Products */,
			);
			sourceTree = "<group>";
		};
		413E512B193F15450083E9EC /* Products */ = {
			isa = PBXGroup;
			children = (
				413E512A193F15450083E9EC /* SpriteKitSwiftCrossPlatformTemplate.app */,
				413E5140193F15450083E9EC /* SpriteKitSwiftCrossPlatformTemplateTests.xctest */,
				413E5154193F15CB0083E9EC /* SpriteKitSwiftCrossPlatformTemplateMac.app */,
				413E5169193F15CB0083E9EC /* SpriteKitSwiftCrossPlatformTemplateMacTests.xctest */,
			);
			name = Products;
			sourceTree = "<group>";
		};
		413E512C193F15450083E9EC /* iOS Contol */ = {
			isa = PBXGroup;
			children = (
				413E512F193F15450083E9EC /* AppDelegate.swift */,
				413E5131193F15450083E9EC /* GameScene.sks */,
				413E5133193F15450083E9EC /* GameScene.swift */,
				413E5135193F15450083E9EC /* GameViewController.swift */,
				413E5137193F15450083E9EC /* Main.storyboard */,
				413E513A193F15450083E9EC /* Images.xcassets */,
				413E512D193F15450083E9EC /* Supporting Files */,
			);
			name = "iOS Contol";
			path = SpriteKitSwiftCrossPlatformTemplate;
			sourceTree = "<group>";
		};
		413E512D193F15450083E9EC /* Supporting Files */ = {
			isa = PBXGroup;
			children = (
				413E512E193F15450083E9EC /* Info.plist */,
			);
			name = "Supporting Files";
			sourceTree = "<group>";
		};
		413E5143193F15450083E9EC /* SpriteKitSwiftCrossPlatformTemplateTests */ = {
			isa = PBXGroup;
			children = (
				413E5146193F15450083E9EC /* SpriteKitSwiftCrossPlatformTemplateTests.swift */,
				413E5144193F15450083E9EC /* Supporting Files */,
			);
			path = SpriteKitSwiftCrossPlatformTemplateTests;
			sourceTree = "<group>";
		};
		413E5144193F15450083E9EC /* Supporting Files */ = {
			isa = PBXGroup;
			children = (
				413E5145193F15450083E9EC /* Info.plist */,
			);
			name = "Supporting Files";
			sourceTree = "<group>";
		};
		413E5155193F15CB0083E9EC /* SpriteKitSwiftCrossPlatformTemplateMac */ = {
			isa = PBXGroup;
			children = (
				413E515A193F15CB0083E9EC /* AppDelegate.swift */,
				413E515C193F15CB0083E9EC /* GameScene.swift */,
				413E515E193F15CB0083E9EC /* GameScene.sks */,
				413E5160193F15CB0083E9EC /* Images.xcassets */,
				413E5162193F15CB0083E9EC /* MainMenu.xib */,
				413E5156193F15CB0083E9EC /* Supporting Files */,
			);
			path = SpriteKitSwiftCrossPlatformTemplateMac;
			sourceTree = "<group>";
		};
		413E5156193F15CB0083E9EC /* Supporting Files */ = {
			isa = PBXGroup;
			children = (
				413E5157193F15CB0083E9EC /* Info.plist */,
				413E5158193F15CB0083E9EC /* main.swift */,
			);
			name = "Supporting Files";
			sourceTree = "<group>";
		};
		413E516C193F15CB0083E9EC /* SpriteKitSwiftCrossPlatformTemplateMacTests */ = {
			isa = PBXGroup;
			children = (
				413E516F193F15CB0083E9EC /* SpriteKitSwiftCrossPlatformTemplateMacTests.swift */,
				413E516D193F15CB0083E9EC /* Supporting Files */,
			);
			path = SpriteKitSwiftCrossPlatformTemplateMacTests;
			sourceTree = "<group>";
		};
		413E516D193F15CB0083E9EC /* Supporting Files */ = {
			isa = PBXGroup;
			children = (
				413E516E193F15CB0083E9EC /* Info.plist */,
			);
			name = "Supporting Files";
			sourceTree = "<group>";
		};
/* End PBXGroup section */

/* Begin PBXNativeTarget section */
		413E5129193F15450083E9EC /* SpriteKitSwiftCrossPlatformTemplate */ = {
			isa = PBXNativeTarget;
			buildConfigurationList = 413E514A193F15450083E9EC /* Build configuration list for PBXNativeTarget "SpriteKitSwiftCrossPlatformTemplate" */;
			buildPhases = (
				413E5126193F15450083E9EC /* Sources */,
				413E5127193F15450083E9EC /* Frameworks */,
				413E5128193F15450083E9EC /* Resources */,
			);
			buildRules = (
			);
			dependencies = (
			);
			name = SpriteKitSwiftCrossPlatformTemplate;
			productName = SpriteKitSwiftCrossPlatformTemplate;
			productReference = 413E512A193F15450083E9EC /* SpriteKitSwiftCrossPlatformTemplate.app */;
			productType = "com.apple.product-type.application";
		};
		413E513F193F15450083E9EC /* SpriteKitSwiftCrossPlatformTemplateTests */ = {
			isa = PBXNativeTarget;
			buildConfigurationList = 413E514D193F15450083E9EC /* Build configuration list for PBXNativeTarget "SpriteKitSwiftCrossPlatformTemplateTests" */;
			buildPhases = (
				413E513C193F15450083E9EC /* Sources */,
				413E513D193F15450083E9EC /* Frameworks */,
				413E513E193F15450083E9EC /* Resources */,
			);
			buildRules = (
			);
			dependencies = (
				413E5142193F15450083E9EC /* PBXTargetDependency */,
			);
			name = SpriteKitSwiftCrossPlatformTemplateTests;
			productName = SpriteKitSwiftCrossPlatformTemplateTests;
			productReference = 413E5140193F15450083E9EC /* SpriteKitSwiftCrossPlatformTemplateTests.xctest */;
			productType = "com.apple.product-type.bundle.unit-test";
		};
		413E5153193F15CB0083E9EC /* SpriteKitSwiftCrossPlatformTemplateMac */ = {
			isa = PBXNativeTarget;
			buildConfigurationList = 413E5171193F15CB0083E9EC /* Build configuration list for PBXNativeTarget "SpriteKitSwiftCrossPlatformTemplateMac" */;
			buildPhases = (
				413E5150193F15CB0083E9EC /* Sources */,
				413E5151193F15CB0083E9EC /* Frameworks */,
				413E5152193F15CB0083E9EC /* Resources */,
			);
			buildRules = (
			);
			dependencies = (
			);
			name = SpriteKitSwiftCrossPlatformTemplateMac;
			productName = SpriteKitSwiftCrossPlatformTemplateMac;
			productReference = 413E5154193F15CB0083E9EC /* SpriteKitSwiftCrossPlatformTemplateMac.app */;
			productType = "com.apple.product-type.application";
		};
		413E5168193F15CB0083E9EC /* SpriteKitSwiftCrossPlatformTemplateMacTests */ = {
			isa = PBXNativeTarget;
			buildConfigurationList = 413E5174193F15CB0083E9EC /* Build configuration list for PBXNativeTarget "SpriteKitSwiftCrossPlatformTemplateMacTests" */;
			buildPhases = (
				413E5165193F15CB0083E9EC /* Sources */,
				413E5166193F15CB0083E9EC /* Frameworks */,
				413E5167193F15CB0083E9EC /* Resources */,
			);
			buildRules = (
			);
			dependencies = (
				413E516B193F15CB0083E9EC /* PBXTargetDependency */,
				413E5178193F15CB0083E9EC /* PBXTargetDependency */,
			);
			name = SpriteKitSwiftCrossPlatformTemplateMacTests;
			productName = SpriteKitSwiftCrossPlatformTemplateMacTests;
			productReference = 413E5169193F15CB0083E9EC /* SpriteKitSwiftCrossPlatformTemplateMacTests.xctest */;
			productType = "com.apple.product-type.bundle.unit-test";
		};
/* End PBXNativeTarget section */

/* Begin PBXProject section */
		413E5122193F15450083E9EC /* Project object */ = {
			isa = PBXProject;
			attributes = {
				LastUpgradeCheck = 0600;
				ORGANIZATIONNAME = "Neil North";
				TargetAttributes = {
					413E5129193F15450083E9EC = {
						CreatedOnToolsVersion = 6.0;
					};
					413E513F193F15450083E9EC = {
						CreatedOnToolsVersion = 6.0;
						TestTargetID = 413E5129193F15450083E9EC;
					};
					413E5153193F15CB0083E9EC = {
						CreatedOnToolsVersion = 6.0;
					};
					413E5168193F15CB0083E9EC = {
						CreatedOnToolsVersion = 6.0;
						TestTargetID = 413E5153193F15CB0083E9EC;
					};
				};
			};
			buildConfigurationList = 413E5125193F15450083E9EC /* Build configuration list for PBXProject "SpriteKitSwiftCrossPlatformTemplate" */;
			compatibilityVersion = "Xcode 3.2";
			developmentRegion = English;
			hasScannedForEncodings = 0;
			knownRegions = (
				en,
				Base,
			);
			mainGroup = 413E5121193F15450083E9EC;
			productRefGroup = 413E512B193F15450083E9EC /* Products */;
			projectDirPath = "";
			projectRoot = "";
			targets = (
				413E5129193F15450083E9EC /* SpriteKitSwiftCrossPlatformTemplate */,
				413E513F193F15450083E9EC /* SpriteKitSwiftCrossPlatformTemplateTests */,
				413E5153193F15CB0083E9EC /* SpriteKitSwiftCrossPlatformTemplateMac */,
				413E5168193F15CB0083E9EC /* SpriteKitSwiftCrossPlatformTemplateMacTests */,
			);
		};
/* End PBXProject section */

/* Begin PBXResourcesBuildPhase section */
		413E5128193F15450083E9EC /* Resources */ = {
			isa = PBXResourcesBuildPhase;
			buildActionMask = 2147483647;
			files = (
				413E513B193F15450083E9EC /* Images.xcassets in Resources */,
				413E5132193F15450083E9EC /* GameScene.sks in Resources */,
				413E5139193F15450083E9EC /* Main.storyboard in Resources */,
			);
			runOnlyForDeploymentPostprocessing = 0;
		};
		413E513E193F15450083E9EC /* Resources */ = {
			isa = PBXResourcesBuildPhase;
			buildActionMask = 2147483647;
			files = (
			);
			runOnlyForDeploymentPostprocessing = 0;
		};
		413E5152193F15CB0083E9EC /* Resources */ = {
			isa = PBXResourcesBuildPhase;
			buildActionMask = 2147483647;
			files = (
				413E515F193F15CB0083E9EC /* GameScene.sks in Resources */,
				413E5161193F15CB0083E9EC /* Images.xcassets in Resources */,
				413E5164193F15CB0083E9EC /* MainMenu.xib in Resources */,
			);
			runOnlyForDeploymentPostprocessing = 0;
		};
		413E5167193F15CB0083E9EC /* Resources */ = {
			isa = PBXResourcesBuildPhase;
			buildActionMask = 2147483647;
			files = (
			);
			runOnlyForDeploymentPostprocessing = 0;
		};
/* End PBXResourcesBuildPhase section */

/* Begin PBXSourcesBuildPhase section */
		413E5126193F15450083E9EC /* Sources */ = {
			isa = PBXSourcesBuildPhase;
			buildActionMask = 2147483647;
			files = (
				413E5134193F15450083E9EC /* GameScene.swift in Sources */,
				413E5136193F15450083E9EC /* GameViewController.swift in Sources */,
				413E5130193F15450083E9EC /* AppDelegate.swift in Sources */,
			);
			runOnlyForDeploymentPostprocessing = 0;
		};
		413E513C193F15450083E9EC /* Sources */ = {
			isa = PBXSourcesBuildPhase;
			buildActionMask = 2147483647;
			files = (
				413E5147193F15450083E9EC /* SpriteKitSwiftCrossPlatformTemplateTests.swift in Sources */,
			);
			runOnlyForDeploymentPostprocessing = 0;
		};
		413E5150193F15CB0083E9EC /* Sources */ = {
			isa = PBXSourcesBuildPhase;
			buildActionMask = 2147483647;
			files = (
				413E515D193F15CB0083E9EC /* GameScene.swift in Sources */,
				413E515B193F15CB0083E9EC /* AppDelegate.swift in Sources */,
				413E5159193F15CB0083E9EC /* main.swift in Sources */,
			);
			runOnlyForDeploymentPostprocessing = 0;
		};
		413E5165193F15CB0083E9EC /* Sources */ = {
			isa = PBXSourcesBuildPhase;
			buildActionMask = 2147483647;
			files = (
				413E5170193F15CB0083E9EC /* SpriteKitSwiftCrossPlatformTemplateMacTests.swift in Sources */,
			);
			runOnlyForDeploymentPostprocessing = 0;
		};
/* End PBXSourcesBuildPhase section */

/* Begin PBXTargetDependency section */
		413E5142193F15450083E9EC /* PBXTargetDependency */ = {
			isa = PBXTargetDependency;
			target = 413E5129193F15450083E9EC /* SpriteKitSwiftCrossPlatformTemplate */;
			targetProxy = 413E5141193F15450083E9EC /* PBXContainerItemProxy */;
		};
		413E516B193F15CB0083E9EC /* PBXTargetDependency */ = {
			isa = PBXTargetDependency;
			target = 413E5153193F15CB0083E9EC /* SpriteKitSwiftCrossPlatformTemplateMac */;
			targetProxy = 413E516A193F15CB0083E9EC /* PBXContainerItemProxy */;
		};
		413E5178193F15CB0083E9EC /* PBXTargetDependency */ = {
			isa = PBXTargetDependency;
			target = 413E5153193F15CB0083E9EC /* SpriteKitSwiftCrossPlatformTemplateMac */;
			targetProxy = 413E5177193F15CB0083E9EC /* PBXContainerItemProxy */;
		};
/* End PBXTargetDependency section */

/* Begin PBXVariantGroup section */
		413E5137193F15450083E9EC /* Main.storyboard */ = {
			isa = PBXVariantGroup;
			children = (
				413E5138193F15450083E9EC /* Base */,
			);
			name = Main.storyboard;
			sourceTree = "<group>";
		};
		413E5162193F15CB0083E9EC /* MainMenu.xib */ = {
			isa = PBXVariantGroup;
			children = (
				413E5163193F15CB0083E9EC /* Base */,
			);
			name = MainMenu.xib;
			sourceTree = "<group>";
		};
/* End PBXVariantGroup section */

/* Begin XCBuildConfiguration section */
		413E5148193F15450083E9EC /* Debug */ = {
			isa = XCBuildConfiguration;
			buildSettings = {
				ALWAYS_SEARCH_USER_PATHS = NO;
				CLANG_CXX_LANGUAGE_STANDARD = "gnu++0x";
				CLANG_CXX_LIBRARY = "libc++";
				CLANG_ENABLE_MODULES = YES;
				CLANG_ENABLE_OBJC_ARC = YES;
				CLANG_WARN_BOOL_CONVERSION = YES;
				CLANG_WARN_CONSTANT_CONVERSION = YES;
				CLANG_WARN_DIRECT_OBJC_ISA_USAGE = YES_ERROR;
				CLANG_WARN_EMPTY_BODY = YES;
				CLANG_WARN_ENUM_CONVERSION = YES;
				CLANG_WARN_INT_CONVERSION = YES;
				CLANG_WARN_OBJC_ROOT_CLASS = YES_ERROR;
				CLANG_WARN_UNREACHABLE_CODE = YES;
				CLANG_WARN__DUPLICATE_METHOD_MATCH = YES;
				"CODE_SIGN_IDENTITY[sdk=iphoneos*]" = "iPhone Developer";
				COPY_PHASE_STRIP = NO;
				ENABLE_STRICT_OBJC_MSGSEND = YES;
				GCC_C_LANGUAGE_STANDARD = gnu99;
				GCC_DYNAMIC_NO_PIC = NO;
				GCC_OPTIMIZATION_LEVEL = 0;
				GCC_PREPROCESSOR_DEFINITIONS = (
					"DEBUG=1",
					"$(inherited)",
				);
				GCC_SYMBOLS_PRIVATE_EXTERN = NO;
				GCC_WARN_64_TO_32_BIT_CONVERSION = YES;
				GCC_WARN_ABOUT_RETURN_TYPE = YES_ERROR;
				GCC_WARN_UNDECLARED_SELECTOR = YES;
				GCC_WARN_UNINITIALIZED_AUTOS = YES_AGGRESSIVE;
				GCC_WARN_UNUSED_FUNCTION = YES;
				GCC_WARN_UNUSED_VARIABLE = YES;
				IPHONEOS_DEPLOYMENT_TARGET = 8.0;
				METAL_ENABLE_DEBUG_INFO = YES;
				ONLY_ACTIVE_ARCH = YES;
				SDKROOT = iphoneos;
				SWIFT_OPTIMIZATION_LEVEL = "-Onone";
				TARGETED_DEVICE_FAMILY = "1,2";
			};
			name = Debug;
		};
		413E5149193F15450083E9EC /* Release */ = {
			isa = XCBuildConfiguration;
			buildSettings = {
				ALWAYS_SEARCH_USER_PATHS = NO;
				CLANG_CXX_LANGUAGE_STANDARD = "gnu++0x";
				CLANG_CXX_LIBRARY = "libc++";
				CLANG_ENABLE_MODULES = YES;
				CLANG_ENABLE_OBJC_ARC = YES;
				CLANG_WARN_BOOL_CONVERSION = YES;
				CLANG_WARN_CONSTANT_CONVERSION = YES;
				CLANG_WARN_DIRECT_OBJC_ISA_USAGE = YES_ERROR;
				CLANG_WARN_EMPTY_BODY = YES;
				CLANG_WARN_ENUM_CONVERSION = YES;
				CLANG_WARN_INT_CONVERSION = YES;
				CLANG_WARN_OBJC_ROOT_CLASS = YES_ERROR;
				CLANG_WARN_UNREACHABLE_CODE = YES;
				CLANG_WARN__DUPLICATE_METHOD_MATCH = YES;
				"CODE_SIGN_IDENTITY[sdk=iphoneos*]" = "iPhone Developer";
				COPY_PHASE_STRIP = YES;
				ENABLE_NS_ASSERTIONS = NO;
				ENABLE_STRICT_OBJC_MSGSEND = YES;
				GCC_C_LANGUAGE_STANDARD = gnu99;
				GCC_WARN_64_TO_32_BIT_CONVERSION = YES;
				GCC_WARN_ABOUT_RETURN_TYPE = YES_ERROR;
				GCC_WARN_UNDECLARED_SELECTOR = YES;
				GCC_WARN_UNINITIALIZED_AUTOS = YES_AGGRESSIVE;
				GCC_WARN_UNUSED_FUNCTION = YES;
				GCC_WARN_UNUSED_VARIABLE = YES;
				IPHONEOS_DEPLOYMENT_TARGET = 8.0;
				METAL_ENABLE_DEBUG_INFO = NO;
				SDKROOT = iphoneos;
				TARGETED_DEVICE_FAMILY = "1,2";
				VALIDATE_PRODUCT = YES;
			};
			name = Release;
		};
		413E514B193F15450083E9EC /* Debug */ = {
			isa = XCBuildConfiguration;
			buildSettings = {
				ASSETCATALOG_COMPILER_APPICON_NAME = AppIcon;
				ASSETCATALOG_COMPILER_LAUNCHIMAGE_NAME = LaunchImage;
				INFOPLIST_FILE = SpriteKitSwiftCrossPlatformTemplate/Info.plist;
				LD_RUNPATH_SEARCH_PATHS = "$(inherited) @executable_path/Frameworks";
				PRODUCT_NAME = "$(TARGET_NAME)";
			};
			name = Debug;
		};
		413E514C193F15450083E9EC /* Release */ = {
			isa = XCBuildConfiguration;
			buildSettings = {
				ASSETCATALOG_COMPILER_APPICON_NAME = AppIcon;
				ASSETCATALOG_COMPILER_LAUNCHIMAGE_NAME = LaunchImage;
				INFOPLIST_FILE = SpriteKitSwiftCrossPlatformTemplate/Info.plist;
				LD_RUNPATH_SEARCH_PATHS = "$(inherited) @executable_path/Frameworks";
				PRODUCT_NAME = "$(TARGET_NAME)";
			};
			name = Release;
		};
		413E514E193F15450083E9EC /* Debug */ = {
			isa = XCBuildConfiguration;
			buildSettings = {
				BUNDLE_LOADER = "$(BUILT_PRODUCTS_DIR)/SpriteKitSwiftCrossPlatformTemplate.app/SpriteKitSwiftCrossPlatformTemplate";
				FRAMEWORK_SEARCH_PATHS = (
					"$(SDKROOT)/Developer/Library/Frameworks",
					"$(inherited)",
				);
				GCC_PREPROCESSOR_DEFINITIONS = (
					"DEBUG=1",
					"$(inherited)",
				);
				INFOPLIST_FILE = SpriteKitSwiftCrossPlatformTemplateTests/Info.plist;
				LD_RUNPATH_SEARCH_PATHS = "$(inherited) @executable_path/Frameworks @loader_path/Frameworks";
				METAL_ENABLE_DEBUG_INFO = YES;
				PRODUCT_NAME = "$(TARGET_NAME)";
				TEST_HOST = "$(BUNDLE_LOADER)";
			};
			name = Debug;
		};
		413E514F193F15450083E9EC /* Release */ = {
			isa = XCBuildConfiguration;
			buildSettings = {
				BUNDLE_LOADER = "$(BUILT_PRODUCTS_DIR)/SpriteKitSwiftCrossPlatformTemplate.app/SpriteKitSwiftCrossPlatformTemplate";
				FRAMEWORK_SEARCH_PATHS = (
					"$(SDKROOT)/Developer/Library/Frameworks",
					"$(inherited)",
				);
				INFOPLIST_FILE = SpriteKitSwiftCrossPlatformTemplateTests/Info.plist;
				LD_RUNPATH_SEARCH_PATHS = "$(inherited) @executable_path/Frameworks @loader_path/Frameworks";
				METAL_ENABLE_DEBUG_INFO = NO;
				PRODUCT_NAME = "$(TARGET_NAME)";
				TEST_HOST = "$(BUNDLE_LOADER)";
			};
			name = Release;
		};
		413E5172193F15CB0083E9EC /* Debug */ = {
			isa = XCBuildConfiguration;
			buildSettings = {
				ASSETCATALOG_COMPILER_APPICON_NAME = AppIcon;
				CODE_SIGN_IDENTITY = "-";
				COMBINE_HIDPI_IMAGES = YES;
				GCC_PREPROCESSOR_DEFINITIONS = (
					"DEBUG=1",
					"$(inherited)",
				);
				INFOPLIST_FILE = SpriteKitSwiftCrossPlatformTemplateMac/Info.plist;
				LD_RUNPATH_SEARCH_PATHS = "$(inherited) @executable_path/../Frameworks";
				MACOSX_DEPLOYMENT_TARGET = 10.9;
				METAL_ENABLE_DEBUG_INFO = YES;
				PRODUCT_NAME = "$(TARGET_NAME)";
				SDKROOT = macosx;
			};
			name = Debug;
		};
		413E5173193F15CB0083E9EC /* Release */ = {
			isa = XCBuildConfiguration;
			buildSettings = {
				ASSETCATALOG_COMPILER_APPICON_NAME = AppIcon;
				CODE_SIGN_IDENTITY = "-";
				COMBINE_HIDPI_IMAGES = YES;
				DEBUG_INFORMATION_FORMAT = "dwarf-with-dsym";
				INFOPLIST_FILE = SpriteKitSwiftCrossPlatformTemplateMac/Info.plist;
				LD_RUNPATH_SEARCH_PATHS = "$(inherited) @executable_path/../Frameworks";
				MACOSX_DEPLOYMENT_TARGET = 10.9;
				METAL_ENABLE_DEBUG_INFO = NO;
				PRODUCT_NAME = "$(TARGET_NAME)";
				SDKROOT = macosx;
			};
			name = Release;
		};
		413E5175193F15CB0083E9EC /* Debug */ = {
			isa = XCBuildConfiguration;
			buildSettings = {
				BUNDLE_LOADER = "$(BUILT_PRODUCTS_DIR)/SpriteKitSwiftCrossPlatformTemplateMac.app/Contents/MacOS/SpriteKitSwiftCrossPlatformTemplateMac";
				COMBINE_HIDPI_IMAGES = YES;
				FRAMEWORK_SEARCH_PATHS = (
					"$(DEVELOPER_FRAMEWORKS_DIR)",
					"$(inherited)",
				);
				GCC_PREPROCESSOR_DEFINITIONS = (
					"DEBUG=1",
					"$(inherited)",
				);
				INFOPLIST_FILE = SpriteKitSwiftCrossPlatformTemplateMacTests/Info.plist;
				LD_RUNPATH_SEARCH_PATHS = "$(inherited) @executable_path/../Frameworks @loader_path/../Frameworks";
				MACOSX_DEPLOYMENT_TARGET = 10.9;
				METAL_ENABLE_DEBUG_INFO = YES;
				PRODUCT_NAME = "$(TARGET_NAME)";
				SDKROOT = macosx;
				TEST_HOST = "$(BUNDLE_LOADER)";
			};
			name = Debug;
		};
		413E5176193F15CB0083E9EC /* Release */ = {
			isa = XCBuildConfiguration;
			buildSettings = {
				BUNDLE_LOADER = "$(BUILT_PRODUCTS_DIR)/SpriteKitSwiftCrossPlatformTemplateMac.app/Contents/MacOS/SpriteKitSwiftCrossPlatformTemplateMac";
				COMBINE_HIDPI_IMAGES = YES;
				DEBUG_INFORMATION_FORMAT = "dwarf-with-dsym";
				FRAMEWORK_SEARCH_PATHS = (
					"$(DEVELOPER_FRAMEWORKS_DIR)",
					"$(inherited)",
				);
				INFOPLIST_FILE = SpriteKitSwiftCrossPlatformTemplateMacTests/Info.plist;
				LD_RUNPATH_SEARCH_PATHS = "$(inherited) @executable_path/../Frameworks @loader_path/../Frameworks";
				MACOSX_DEPLOYMENT_TARGET = 10.9;
				METAL_ENABLE_DEBUG_INFO = NO;
				PRODUCT_NAME = "$(TARGET_NAME)";
				SDKROOT = macosx;
				TEST_HOST = "$(BUNDLE_LOADER)";
			};
			name = Release;
		};
/* End XCBuildConfiguration section */

/* Begin XCConfigurationList section */
		413E5125193F15450083E9EC /* Build configuration list for PBXProject "SpriteKitSwiftCrossPlatformTemplate" */ = {
			isa = XCConfigurationList;
			buildConfigurations = (
				413E5148193F15450083E9EC /* Debug */,
				413E5149193F15450083E9EC /* Release */,
			);
			defaultConfigurationIsVisible = 0;
			defaultConfigurationName = Release;
		};
		413E514A193F15450083E9EC /* Build configuration list for PBXNativeTarget "SpriteKitSwiftCrossPlatformTemplate" */ = {
			isa = XCConfigurationList;
			buildConfigurations = (
				413E514B193F15450083E9EC /* Debug */,
				413E514C193F15450083E9EC /* Release */,
			);
			defaultConfigurationIsVisible = 0;
		};
		413E514D193F15450083E9EC /* Build configuration list for PBXNativeTarget "SpriteKitSwiftCrossPlatformTemplateTests" */ = {
			isa = XCConfigurationList;
			buildConfigurations = (
				413E514E193F15450083E9EC /* Debug */,
				413E514F193F15450083E9EC /* Release */,
			);
			defaultConfigurationIsVisible = 0;
		};
		413E5171193F15CB0083E9EC /* Build configuration list for PBXNativeTarget "SpriteKitSwiftCrossPlatformTemplateMac" */ = {
			isa = XCConfigurationList;
			buildConfigurations = (
				413E5172193F15CB0083E9EC /* Debug */,
				413E5173193F15CB0083E9EC /* Release */,
			);
			defaultConfigurationIsVisible = 0;
		};
		413E5174193F15CB0083E9EC /* Build configuration list for PBXNativeTarget "SpriteKitSwiftCrossPlatformTemplateMacTests" */ = {
			isa = XCConfigurationList;
			buildConfigurations = (
				413E5175193F15CB0083E9EC /* Debug */,
				413E5176193F15CB0083E9EC /* Release */,
			);
			defaultConfigurationIsVisible = 0;
		};
/* End XCConfigurationList section */
	};
	rootObject = 413E5122193F15450083E9EC /* Project object */;
}
